
Microsoft Visual Studio Solution File, Format Version 12.00
# Visual Studio Version 16
VisualStudioVersion = 16.0.30114.105
MinimumVisualStudioVersion = 10.0.40219.1
Project("{9A19103F-16F7-4668-BE54-9A1E7A4F7556}") = "MusalaSoft.Gateway.Api", "MusalaSoft.Gateway.Api\MusalaSoft.Gateway.Api.csproj", "{BB683CAA-1490-4966-92E6-0CE2E813FD5C}"
EndProject
Global
	GlobalSection(SolutionConfigurationPlatforms) = preSolution
		Debug|Any CPU = Debug|Any CPU
		Release|Any CPU = Release|Any CPU
	EndGlobalSection
	GlobalSection(ProjectConfigurationPlatforms) = postSolution
		{BB683CAA-1490-4966-92E6-0CE2E813FD5C}.Debug|Any CPU.ActiveCfg = Debug|Any CPU
		{BB683CAA-1490-4966-92E6-0CE2E813FD5C}.Debug|Any CPU.Build.0 = Debug|Any CPU
		{BB683CAA-1490-4966-92E6-0CE2E813FD5C}.Release|Any CPU.ActiveCfg = Release|Any CPU
		{BB683CAA-1490-4966-92E6-0CE2E813FD5C}.Release|Any CPU.Build.0 = Release|Any CPU
	EndGlobalSection
	GlobalSection(SolutionProperties) = preSolution
		HideSolutionNode = FALSE
	EndGlobalSection
	GlobalSection(ExtensibilityGlobals) = postSolution
		SolutionGuid = {05C07122-99EA-4D22-87EB-63E727BC2FC9}
	EndGlobalSection
EndGlobal
